
Microsoft Visual Studio Solution File, Format Version 12.00
# Visual Studio Version 17
VisualStudioVersion = 17.2.32616.157
MinimumVisualStudioVersion = 10.0.40219.1
Project("{9A19103F-16F7-4668-BE54-9A1E7A4F7556}") = "MyJobs", "MyJobs\MyJobs.csproj", "{D73AB945-0A69-4335-8ADD-2F23C8EEFD80}"
	ProjectSection(ProjectDependencies) = postProject
		{875589C3-764A-498A-B688-408D8CE6F784} = {875589C3-764A-498A-B688-408D8CE6F784}
	EndProjectSection
EndProject
Project("{9A19103F-16F7-4668-BE54-9A1E7A4F7556}") = "MyJobs.Infrastructure", "MyJobs.Infrastructure\MyJobs.Infrastructure.csproj", "{875589C3-764A-498A-B688-408D8CE6F784}"
EndProject
Project("{FAE04EC0-301F-11D3-BF4B-00C04F79EFBC}") = "MyJobs.Core", "MyJobs.Core\MyJobs.Core.csproj", "{96BD346A-DB5A-441F-8F65-8D854EC48EFA}"
EndProject
Global
	GlobalSection(SolutionConfigurationPlatforms) = preSolution
		Debug|Any CPU = Debug|Any CPU
		Release|Any CPU = Release|Any CPU
	EndGlobalSection
	GlobalSection(ProjectConfigurationPlatforms) = postSolution
		{D73AB945-0A69-4335-8ADD-2F23C8EEFD80}.Debug|Any CPU.ActiveCfg = Debug|Any CPU
		{D73AB945-0A69-4335-8ADD-2F23C8EEFD80}.Debug|Any CPU.Build.0 = Debug|Any CPU
		{D73AB945-0A69-4335-8ADD-2F23C8EEFD80}.Release|Any CPU.ActiveCfg = Release|Any CPU
		{D73AB945-0A69-4335-8ADD-2F23C8EEFD80}.Release|Any CPU.Build.0 = Release|Any CPU
		{875589C3-764A-498A-B688-408D8CE6F784}.Debug|Any CPU.ActiveCfg = Debug|Any CPU
		{875589C3-764A-498A-B688-408D8CE6F784}.Debug|Any CPU.Build.0 = Debug|Any CPU
		{875589C3-764A-498A-B688-408D8CE6F784}.Release|Any CPU.ActiveCfg = Release|Any CPU
		{875589C3-764A-498A-B688-408D8CE6F784}.Release|Any CPU.Build.0 = Release|Any CPU
		{96BD346A-DB5A-441F-8F65-8D854EC48EFA}.Debug|Any CPU.ActiveCfg = Debug|Any CPU
		{96BD346A-DB5A-441F-8F65-8D854EC48EFA}.Debug|Any CPU.Build.0 = Debug|Any CPU
		{96BD346A-DB5A-441F-8F65-8D854EC48EFA}.Release|Any CPU.ActiveCfg = Release|Any CPU
		{96BD346A-DB5A-441F-8F65-8D854EC48EFA}.Release|Any CPU.Build.0 = Release|Any CPU
	EndGlobalSection
	GlobalSection(SolutionProperties) = preSolution
		HideSolutionNode = FALSE
	EndGlobalSection
	GlobalSection(ExtensibilityGlobals) = postSolution
		SolutionGuid = {65DC3CE8-450C-4F6D-9B4E-89417CA32396}
	EndGlobalSection
EndGlobal
